lockfileVersion: '9.0'

settings:
  autoInstallPeers: true
  excludeLinksFromLockfile: false

importers:

  .:
    dependencies:
      bun:
        specifier: ^1.1.34
        version: 1.1.34

packages:

  '@oven/bun-darwin-aarch64@1.1.34':
    resolution: {integrity: sha512-p+E2CkJhCYsQyzRcuUsTA5HIHSRMq0J+aX6fiPo5iheFQAZCrhdfeAWmlU8cjZmIBvmZYbNZ96g1VVlx+ooJkg==}
    cpu: [arm64]
    os: [darwin]

  '@oven/bun-darwin-x64-baseline@1.1.34':
    resolution: {integrity: sha512-Uugg1eANnEfdma6TDZt5T2A3cHcOjnxSoGnQp8AY300olImd6QGvx5NfWMbo86/mvnFqfCN5YFR+behhHqekWQ==}
    cpu: [x64]
    os: [darwin]

  '@oven/bun-darwin-x64@1.1.34':
    resolution: {integrity: sha512-B6FC7EjRCEMMs7DxAEULqCgr8Td+A1ZI8YHWpBGhHZ2+Th/3QTM0IbfWg1cbBkgipKokiyVS/lx15iBAN4njFA==}
    cpu: [x64]
    os: [darwin]

  '@oven/bun-linux-aarch64@1.1.34':
    resolution: {integrity: sha512-A81KHRU+8CRFrbyIGikxS+VZO5E0LW4V6a5gRBuK4gJUZ4CsC9uEeXNfHtSwT288dnfwnlR3dtOTwI4kUSsIVQ==}
    cpu: [arm64]
    os: [linux]

  '@oven/bun-linux-x64-baseline@1.1.34':
    resolution: {integrity: sha512-BosC6W9WWU8rBsxpvCrs59LQ2DAjqafxZ5dXbP3MSzNn6HyN496Cj+jcYzM8UUkYnzkQJDXOPIJhvto69mQ2VQ==}
    cpu: [x64]
    os: [linux]

  '@oven/bun-linux-x64@1.1.34':
    resolution: {integrity: sha512-3J3G/BVolxO/YFC8Q9PvhjtQvT5VSbK2qqxXwZbgvUug1GxaEHc4KxV6ZSRZRmdadCoPfhcljQdoPCePbT4WrQ==}
    cpu: [x64]
    os: [linux]

  '@oven/bun-windows-x64-baseline@1.1.34':
    resolution: {integrity: sha512-kPtszE3NUM9Rd3GTJKD2TugoyjwPjMjbiMRX3wZE/YQBFRyATLGzKmxThwN1d2JPwTQGENrttpb15Qf95doSbA==}
    cpu: [x64]
    os: [win32]

  '@oven/bun-windows-x64@1.1.34':
    resolution: {integrity: sha512-wJOsC5mB1qBLmRwV61F1KHL0MOjEHtK/xJ7ddktcWc05+W2U4Y60j100VwdUVcCaRh0wCcehLilCnUpjjGng3Q==}
    cpu: [x64]
    os: [win32]

  bun@1.1.34:
    resolution: {integrity: sha512-ULiiLQG+bQC6YHW6u9jisGtwVn8msgqvDvurwsEs26mKtcAl7lRS+5yKfo/xxxnrcSIqx1QFM4vqki42s6GDVw==}
    cpu: [arm64, x64]
    os: [darwin, linux, win32]
    hasBin: true

snapshots:

  '@oven/bun-darwin-aarch64@1.1.34':
    optional: true

  '@oven/bun-darwin-x64-baseline@1.1.34':
    optional: true

  '@oven/bun-darwin-x64@1.1.34':
    optional: true

  '@oven/bun-linux-aarch64@1.1.34':
    optional: true

  '@oven/bun-linux-x64-baseline@1.1.34':
    optional: true

  '@oven/bun-linux-x64@1.1.34':
    optional: true

  '@oven/bun-windows-x64-baseline@1.1.34':
    optional: true

  '@oven/bun-windows-x64@1.1.34':
    optional: true

  bun@1.1.34:
    optionalDependencies:
      '@oven/bun-darwin-aarch64': 1.1.34
      '@oven/bun-darwin-x64': 1.1.34
      '@oven/bun-darwin-x64-baseline': 1.1.34
      '@oven/bun-linux-aarch64': 1.1.34
      '@oven/bun-linux-x64': 1.1.34
      '@oven/bun-linux-x64-baseline': 1.1.34
      '@oven/bun-windows-x64': 1.1.34
      '@oven/bun-windows-x64-baseline': 1.1.34
