lockfileVersion: '9.0'

settings:
  autoInstallPeers: true
  excludeLinksFromLockfile: false

importers:

  .:
    dependencies:
      bun:
        specifier: ^1.2.3
        version: 1.2.3

packages:

  '@oven/bun-darwin-aarch64@1.2.3':
    resolution: {integrity: sha512-wEUBqSD7KDUx6xcOlNs/lDcbzJYH9CEPVZzAaJ+F3Zp8hORQYJ07byidQ0YgNMc1QhJq4xLaClMDLga6u2abIQ==}
    cpu: [arm64]
    os: [darwin]

  '@oven/bun-darwin-x64-baseline@1.2.3':
    resolution: {integrity: sha512-oYqGnocQ7eY5wfthGivpXd0lzLYklXU4rEKXU4+oLaiFeFnY3lyszv85UHjywuB5bl7xybmSIE8tN8ie36WY1w==}
    cpu: [x64]
    os: [darwin]

  '@oven/bun-darwin-x64@1.2.3':
    resolution: {integrity: sha512-kBeKYLNAwQrcJ1HPcuDGo3PGEfDvzHbL5N5kiaui1+eluyCS2yJZvuy2ddg9b0vqQkgzNu7D1keiRLpdR2Wneg==}
    cpu: [x64]
    os: [darwin]

  '@oven/bun-linux-aarch64-musl@1.2.3':
    resolution: {integrity: sha512-nSB6FU29OW+8zUP5jRrQEAXl9m6Jd8vp5Swplh3prc0L0niYdtan39wouCxDVFNJafC0DaeKQme4UMQJ65s9qw==}
    cpu: [aarch64]
    os: [linux]

  '@oven/bun-linux-aarch64@1.2.3':
    resolution: {integrity: sha512-hbi7ykhLAtoBZl7mox5Qg6xVy9FcnPNibo/h6A1oElXBl4pRaVGNFDsuDmb80f9sFf4yZL0vwYyb47hL89MiGw==}
    cpu: [arm64]
    os: [linux]

  '@oven/bun-linux-x64-baseline@1.2.3':
    resolution: {integrity: sha512-PrkC18s81ImpHMdqgFXvyq9Oxed8mzlYb709DsuuoV9NL3nrzQzfqq8JStz/g3dYMc4obrljG/EKXGfMaJMJVA==}
    cpu: [x64]
    os: [linux]

  '@oven/bun-linux-x64-musl-baseline@1.2.3':
    resolution: {integrity: sha512-1VsFwYMOryIsnTGPG70N1HAXoa8Fa7s+XAtP2Y010tao0omgpM0S6Go0Uc7VJ8g+yHKyIw79leRMwUs35ysQZA==}
    cpu: [x64]
    os: [linux]

  '@oven/bun-linux-x64-musl@1.2.3':
    resolution: {integrity: sha512-481HyvBKKXrKH2VZsSBVsqsqxcnncqpsKz7qgTqnSEToCSyNqc3bGrI6pN6haI9nLawJpIh+oNXCg4JISUi6bg==}
    cpu: [x64]
    os: [linux]

  '@oven/bun-linux-x64@1.2.3':
    resolution: {integrity: sha512-oxubd+zJW8+1H02bwzne8lj2EtvgoRU6w245hWMtwjo15IET/YGc01ndFRd42FX02bwo926N+7Jm7NFzS8GOHQ==}
    cpu: [x64]
    os: [linux]

  '@oven/bun-windows-x64-baseline@1.2.3':
    resolution: {integrity: sha512-pvtDgWRclz/bxLEWUAppj854MklfTu01DfHAvKzV1UAHbBOlurC8+StpE7EhITAHC/jBK9U39eVYnZNvumVU9w==}
    cpu: [x64]
    os: [win32]

  '@oven/bun-windows-x64@1.2.3':
    resolution: {integrity: sha512-z3G7jft1hbiiX47rY666i3HFJZBqCLgddr7e0ccoE/kUk4U5IB08mqJZYW0vaaL8zy0wuEF2h5VkK0S/iryLWw==}
    cpu: [x64]
    os: [win32]

  bun@1.2.3:
    resolution: {integrity: sha512-i8F+I3wxmt9omnLh3lOg0APQtqxZaMU0x6xuC+9YH4Eg/7fu8SM4YbdwyvV8Z6sy3OMtGFB0SYOjU2STuId4FQ==}
    cpu: [arm64, x64, aarch64]
    os: [darwin, linux, win32]
    hasBin: true

snapshots:

  '@oven/bun-darwin-aarch64@1.2.3':
    optional: true

  '@oven/bun-darwin-x64-baseline@1.2.3':
    optional: true

  '@oven/bun-darwin-x64@1.2.3':
    optional: true

  '@oven/bun-linux-aarch64-musl@1.2.3':
    optional: true

  '@oven/bun-linux-aarch64@1.2.3':
    optional: true

  '@oven/bun-linux-x64-baseline@1.2.3':
    optional: true

  '@oven/bun-linux-x64-musl-baseline@1.2.3':
    optional: true

  '@oven/bun-linux-x64-musl@1.2.3':
    optional: true

  '@oven/bun-linux-x64@1.2.3':
    optional: true

  '@oven/bun-windows-x64-baseline@1.2.3':
    optional: true

  '@oven/bun-windows-x64@1.2.3':
    optional: true

  bun@1.2.3:
    optionalDependencies:
      '@oven/bun-darwin-aarch64': 1.2.3
      '@oven/bun-darwin-x64': 1.2.3
      '@oven/bun-darwin-x64-baseline': 1.2.3
      '@oven/bun-linux-aarch64': 1.2.3
      '@oven/bun-linux-aarch64-musl': 1.2.3
      '@oven/bun-linux-x64': 1.2.3
      '@oven/bun-linux-x64-baseline': 1.2.3
      '@oven/bun-linux-x64-musl': 1.2.3
      '@oven/bun-linux-x64-musl-baseline': 1.2.3
      '@oven/bun-windows-x64': 1.2.3
      '@oven/bun-windows-x64-baseline': 1.2.3
