lockfileVersion: '9.0'

settings:
  autoInstallPeers: true
  excludeLinksFromLockfile: false

importers:

  .:
    dependencies:
      bun:
        specifier: ^1.2.2
        version: 1.2.2

packages:

  '@oven/bun-darwin-aarch64@1.2.2':
    resolution: {integrity: sha512-hCDvi6GGJvsKpfGcU9xdrIhshDtzkYcGiB5wnj0jq/QM3U85qmIe8QUs7tyse9T77aZNjFIXO0GirL+oZ7C+IQ==}
    cpu: [arm64]
    os: [darwin]

  '@oven/bun-darwin-x64-baseline@1.2.2':
    resolution: {integrity: sha512-Q4gC6fB/6BwGc6QltAAlhugCdRRIraxbNYuA0cyuwUlFmMzQIqgO+iSCIaS2PLEwVEwVx8WF++YpU+dVGyNAvg==}
    cpu: [x64]
    os: [darwin]

  '@oven/bun-darwin-x64@1.2.2':
    resolution: {integrity: sha512-W1MkLpfLMH4+aRoLNksLiODySVUlnKF5dTEmS2VlHxl4Mle+V/40/WSalpZVRPcztJMquwQy2VXox62WUmERXQ==}
    cpu: [x64]
    os: [darwin]

  '@oven/bun-linux-aarch64-musl@1.2.2':
    resolution: {integrity: sha512-73srKJaPf3fKUuST4Xd+CO52qCKVMtXUICkTddZ+6itnNNrBDBw4AoayrlNImg7swL8wIZonGGYZHpsvyjmlcg==}
    cpu: [aarch64]
    os: [linux]

  '@oven/bun-linux-aarch64@1.2.2':
    resolution: {integrity: sha512-VW83fgwFAJyu76xMF2t6W1+VxcLaKJUMH+/k61PdwAulpR6M+aqf8vPQDpIx2vrs4BqR8DQ4eEspyb2/DpcuyQ==}
    cpu: [arm64]
    os: [linux]

  '@oven/bun-linux-x64-baseline@1.2.2':
    resolution: {integrity: sha512-YvIilLbII9+sjwnZVumwItoUKSUHJHo9xYw5hcf6aeqDztK1ebGzNIJpE0RgjIT+GYqy504Yz5cK77CGpyVyJw==}
    cpu: [x64]
    os: [linux]

  '@oven/bun-linux-x64-musl-baseline@1.2.2':
    resolution: {integrity: sha512-K2o2vSHSnGn+ayXUuFJ+7O5L5Mc+uOIydMc5WI9bMhvmEtRqlohrwQR56HPzeFZVPWvmHdxb34VIceEKXmig6Q==}
    cpu: [x64]
    os: [linux]

  '@oven/bun-linux-x64-musl@1.2.2':
    resolution: {integrity: sha512-6uyUXVNH5jUsvhyzD0uiQNe8VPujuGTsHHDTW1LvRR6Lgr6AVaYjdk45ypbDSauRQsABxDKFQdfQqemkM97sYw==}
    cpu: [x64]
    os: [linux]

  '@oven/bun-linux-x64@1.2.2':
    resolution: {integrity: sha512-qoEkSdWGvTcX2/Iv3nUcwIcOk72L9Pg6X4ONUXV7luuOHsXktoQK5vuQeCC5FTxCEPjfoKy1GFAFomoU4qZDGQ==}
    cpu: [x64]
    os: [linux]

  '@oven/bun-windows-x64-baseline@1.2.2':
    resolution: {integrity: sha512-bYopMWSCjjjCKjANv7xxAXQoabVUxLZxTw0iC1bGYD9VZGo48nGaJXPn7DsPfeCXGyl+CY3Cy4QIEn+3gNRS2A==}
    cpu: [x64]
    os: [win32]

  '@oven/bun-windows-x64@1.2.2':
    resolution: {integrity: sha512-ZjxyIcS7kQFoGxyNBMZ9mqCxCkg7ZVG9P+/GTzMpUceFF/q88lUwsFsC7YwAe0ZubqcQLRSfdyjbKbC/HuqnFw==}
    cpu: [x64]
    os: [win32]

  bun@1.2.2:
    resolution: {integrity: sha512-RUc8uVVTw8WoASUzXaEQJR1s7mnwoHm3P871qBUIqSaoOpuwcU+bSVX151/xoqDwnyv38SjOX7yQ3oO0IeT73g==}
    cpu: [arm64, x64, aarch64]
    os: [darwin, linux, win32]
    hasBin: true

snapshots:

  '@oven/bun-darwin-aarch64@1.2.2':
    optional: true

  '@oven/bun-darwin-x64-baseline@1.2.2':
    optional: true

  '@oven/bun-darwin-x64@1.2.2':
    optional: true

  '@oven/bun-linux-aarch64-musl@1.2.2':
    optional: true

  '@oven/bun-linux-aarch64@1.2.2':
    optional: true

  '@oven/bun-linux-x64-baseline@1.2.2':
    optional: true

  '@oven/bun-linux-x64-musl-baseline@1.2.2':
    optional: true

  '@oven/bun-linux-x64-musl@1.2.2':
    optional: true

  '@oven/bun-linux-x64@1.2.2':
    optional: true

  '@oven/bun-windows-x64-baseline@1.2.2':
    optional: true

  '@oven/bun-windows-x64@1.2.2':
    optional: true

  bun@1.2.2:
    optionalDependencies:
      '@oven/bun-darwin-aarch64': 1.2.2
      '@oven/bun-darwin-x64': 1.2.2
      '@oven/bun-darwin-x64-baseline': 1.2.2
      '@oven/bun-linux-aarch64': 1.2.2
      '@oven/bun-linux-aarch64-musl': 1.2.2
      '@oven/bun-linux-x64': 1.2.2
      '@oven/bun-linux-x64-baseline': 1.2.2
      '@oven/bun-linux-x64-musl': 1.2.2
      '@oven/bun-linux-x64-musl-baseline': 1.2.2
      '@oven/bun-windows-x64': 1.2.2
      '@oven/bun-windows-x64-baseline': 1.2.2
